<Solution>
  <Folder Name="/src/">
    <Project Path="src/FancyText.Cli/FancyText.Cli.csproj">
      <Platform Project="x64" />
    </Project>
    <Project Path="src/FancyText.CmdPal/FancyText.CmdPal.csproj" />
    <Project Path="src/FancyText.Core/FancyText.Core.csproj" />
  </Folder>
  <Folder Name="/tests/">
    <Project Path="tests/FancyText.Core.Tests/FancyText.Core.Tests.csproj" />
  </Folder>
</Solution>
